{
  "version": 4,
  "terraform_version": "1.10.5",
  "serial": 255,
  "lineage": "6822ca14-66ef-7903-31d0-6c0bfa0db76b",
  "outputs": {},
  "resources": [
    {
      "module": "module.LinuxVirtualMachine",
      "mode": "managed",
      "type": "azurerm_linux_virtual_machine",
      "name": "Linux-VM",
      "provider": "provider[\"registry.terraform.io/hashicorp/azurerm\"]",
      "instances": [
        {
          "index_key": 0,
          "schema_version": 0,
          "attributes": {
            "additional_capabilities": [],
            "admin_password": "Ajit@23091998",
            "admin_ssh_key": [],
            "admin_username": "adminuser",
            "allow_extension_operations": true,
            "availability_set_id": "",
            "boot_diagnostics": [],
            "bypass_platform_safety_checks_on_user_schedule_enabled": false,
            "capacity_reservation_group_id": "",
            "computer_name": "AjitLinuxTestVm1",
            "custom_data": null,
            "dedicated_host_group_id": "",
            "dedicated_host_id": "",
            "disable_password_authentication": false,
            "disk_controller_type": "",
            "edge_zone": "",
            "encryption_at_host_enabled": false,
            "eviction_policy": "",
            "extensions_time_budget": "PT1H30M",
            "gallery_application": [],
            "id": "/subscriptions/9c9354de-cfe5-4c27-9c40-e6faadf58ed2/resourceGroups/Ajit-Test-Test-RG/providers/Microsoft.Compute/virtualMachines/AjitLinuxTestVm1",
            "identity": [],
            "license_type": "",
            "location": "northeurope",
            "max_bid_price": -1,
            "name": "AjitLinuxTestVm1",
            "network_interface_ids": [
              "/subscriptions/9c9354de-cfe5-4c27-9c40-e6faadf58ed2/resourceGroups/Ajit-Test-Test-RG/providers/Microsoft.Network/networkInterfaces/Ajit-NIC-Test-1"
            ],
            "os_disk": [
              {
                "caching": "ReadWrite",
                "diff_disk_settings": [],
                "disk_encryption_set_id": "",
                "disk_size_gb": 30,
                "id": "/subscriptions/9c9354de-cfe5-4c27-9c40-e6faadf58ed2/resourceGroups/AJIT-TEST-TEST-RG/providers/Microsoft.Compute/disks/AjitLinuxTestVm1_disk1_1137efbe99dc441cb442cc289ccdec09",
                "name": "AjitLinuxTestVm1_disk1_1137efbe99dc441cb442cc289ccdec09",
                "secure_vm_disk_encryption_set_id": "",
                "security_encryption_type": "",
                "storage_account_type": "Standard_LRS",
                "write_accelerator_enabled": false
              }
            ],
            "os_image_notification": [],
            "patch_assessment_mode": "ImageDefault",
            "patch_mode": "ImageDefault",
            "plan": [],
            "platform_fault_domain": -1,
            "priority": "Regular",
            "private_ip_address": "10.0.0.4",
            "private_ip_addresses": [
              "10.0.0.4"
            ],
            "provision_vm_agent": true,
            "proximity_placement_group_id": "",
            "public_ip_address": "98.71.72.123",
            "public_ip_addresses": [
              "98.71.72.123"
            ],
            "reboot_setting": "",
            "resource_group_name": "Ajit-Test-Test-RG",
            "secret": [],
            "secure_boot_enabled": false,
            "size": "Standard_F2",
            "source_image_id": "",
            "source_image_reference": [
              {
                "offer": "0001-com-ubuntu-server-jammy",
                "publisher": "Canonical",
                "sku": "22_04-lts",
                "version": "latest"
              }
            ],
            "tags": {},
            "termination_notification": [],
            "timeouts": null,
            "user_data": "",
            "virtual_machine_id": "d511c812-3cf1-4c1b-acd7-8fd74cd69e1c",
            "virtual_machine_scale_set_id": "",
            "vm_agent_platform_updates_enabled": false,
            "vtpm_enabled": false,
            "zone": ""
          },
          "sensitive_attributes": [
            [
              {
                "type": "get_attr",
                "value": "custom_data"
              }
            ],
            [
              {
                "type": "get_attr",
                "value": "admin_password"
              }
            ]
          ],
          "private": "eyJlMmJmYjczMC1lY2FhLTExZTYtOGY4OC0zNDM2M2JjN2M0YzAiOnsiY3JlYXRlIjoyNzAwMDAwMDAwMDAwLCJkZWxldGUiOjI3MDAwMDAwMDAwMDAsInJlYWQiOjMwMDAwMDAwMDAwMCwidXBkYXRlIjoyNzAwMDAwMDAwMDAwfX0=",
          "dependencies": [
            "module.NetworkInterface.azurerm_network_interface.example",
            "module.PublicIP.azurerm_public_ip.public_ip",
            "module.ResourceGroup.azurerm_resource_group.apprg",
            "module.Subnet.azurerm_subnet.subnet",
            "module.VirtualNetwork.azurerm_virtual_network.vnet"
          ]
        },
        {
          "index_key": 1,
          "schema_version": 0,
          "attributes": {
            "additional_capabilities": [],
            "admin_password": "Ajit@23091998",
            "admin_ssh_key": [],
            "admin_username": "adminuser",
            "allow_extension_operations": true,
            "availability_set_id": "",
            "boot_diagnostics": [],
            "bypass_platform_safety_checks_on_user_schedule_enabled": false,
            "capacity_reservation_group_id": "",
            "computer_name": "AjitLinuxTestVm2",
            "custom_data": null,
            "dedicated_host_group_id": "",
            "dedicated_host_id": "",
            "disable_password_authentication": false,
            "disk_controller_type": "",
            "edge_zone": "",
            "encryption_at_host_enabled": false,
            "eviction_policy": "",
            "extensions_time_budget": "PT1H30M",
            "gallery_application": [],
            "id": "/subscriptions/9c9354de-cfe5-4c27-9c40-e6faadf58ed2/resourceGroups/Ajit-Test-Test-RG/providers/Microsoft.Compute/virtualMachines/AjitLinuxTestVm2",
            "identity": [],
            "license_type": "",
            "location": "northeurope",
            "max_bid_price": -1,
            "name": "AjitLinuxTestVm2",
            "network_interface_ids": [
              "/subscriptions/9c9354de-cfe5-4c27-9c40-e6faadf58ed2/resourceGroups/Ajit-Test-Test-RG/providers/Microsoft.Network/networkInterfaces/Ajit-NIC-Test-2"
            ],
            "os_disk": [
              {
                "caching": "ReadWrite",
                "diff_disk_settings": [],
                "disk_encryption_set_id": "",
                "disk_size_gb": 30,
                "id": "/subscriptions/9c9354de-cfe5-4c27-9c40-e6faadf58ed2/resourceGroups/Ajit-Test-Test-RG/providers/Microsoft.Compute/disks/AjitLinuxTestVm2_disk1_5c145e44bea24c2eaf1a3c9b81b5e898",
                "name": "AjitLinuxTestVm2_disk1_5c145e44bea24c2eaf1a3c9b81b5e898",
                "secure_vm_disk_encryption_set_id": "",
                "security_encryption_type": "",
                "storage_account_type": "Standard_LRS",
                "write_accelerator_enabled": false
              }
            ],
            "os_image_notification": [],
            "patch_assessment_mode": "ImageDefault",
            "patch_mode": "ImageDefault",
            "plan": [],
            "platform_fault_domain": -1,
            "priority": "Regular",
            "private_ip_address": "10.0.1.4",
            "private_ip_addresses": [
              "10.0.1.4"
            ],
            "provision_vm_agent": true,
            "proximity_placement_group_id": "",
            "public_ip_address": "68.219.225.119",
            "public_ip_addresses": [
              "68.219.225.119"
            ],
            "reboot_setting": "",
            "resource_group_name": "Ajit-Test-Test-RG",
            "secret": [],
            "secure_boot_enabled": false,
            "size": "Standard_F2",
            "source_image_id": "",
            "source_image_reference": [
              {
                "offer": "0001-com-ubuntu-server-jammy",
                "publisher": "Canonical",
                "sku": "22_04-lts",
                "version": "latest"
              }
            ],
            "tags": {},
            "termination_notification": [],
            "timeouts": null,
            "user_data": "",
            "virtual_machine_id": "fe427d44-f35d-4f4f-bcdb-a91518e8b314",
            "virtual_machine_scale_set_id": "",
            "vm_agent_platform_updates_enabled": false,
            "vtpm_enabled": false,
            "zone": ""
          },
          "sensitive_attributes": [
            [
              {
                "type": "get_attr",
                "value": "custom_data"
              }
            ],
            [
              {
                "type": "get_attr",
                "value": "admin_password"
              }
            ]
          ],
          "private": "eyJlMmJmYjczMC1lY2FhLTExZTYtOGY4OC0zNDM2M2JjN2M0YzAiOnsiY3JlYXRlIjoyNzAwMDAwMDAwMDAwLCJkZWxldGUiOjI3MDAwMDAwMDAwMDAsInJlYWQiOjMwMDAwMDAwMDAwMCwidXBkYXRlIjoyNzAwMDAwMDAwMDAwfX0=",
          "dependencies": [
            "module.NetworkInterface.azurerm_network_interface.example",
            "module.PublicIP.azurerm_public_ip.public_ip",
            "module.ResourceGroup.azurerm_resource_group.apprg",
            "module.Subnet.azurerm_subnet.subnet",
            "module.VirtualNetwork.azurerm_virtual_network.vnet"
          ]
        }
      ]
    },
    {
      "module": "module.LoadBalancer",
      "mode": "managed",
      "type": "azurerm_lb",
      "name": "load_balancer",
      "provider": "provider[\"registry.terraform.io/hashicorp/azurerm\"]",
      "instances": [
        {
          "schema_version": 0,
          "attributes": {
            "edge_zone": "",
            "frontend_ip_configuration": [
              {
                "gateway_load_balancer_frontend_ip_configuration_id": "",
                "id": "/subscriptions/9c9354de-cfe5-4c27-9c40-e6faadf58ed2/resourceGroups/Ajit-Test-Test-RG/providers/Microsoft.Network/loadBalancers/load_balancer/frontendIPConfigurations/Frontend_ip",
                "inbound_nat_rules": [],
                "load_balancer_rules": [
                  "/subscriptions/9c9354de-cfe5-4c27-9c40-e6faadf58ed2/resourceGroups/Ajit-Test-Test-RG/providers/Microsoft.Network/loadBalancers/load_balancer/loadBalancingRules/lb_rule"
                ],
                "name": "Frontend_ip",
                "outbound_rules": [],
                "private_ip_address": "",
                "private_ip_address_allocation": "Dynamic",
                "private_ip_address_version": "",
                "public_ip_address_id": "/subscriptions/9c9354de-cfe5-4c27-9c40-e6faadf58ed2/resourceGroups/Ajit-Test-Test-RG/providers/Microsoft.Network/publicIPAddresses/Frontend_ip",
                "public_ip_prefix_id": "",
                "subnet_id": "",
                "zones": []
              }
            ],
            "id": "/subscriptions/9c9354de-cfe5-4c27-9c40-e6faadf58ed2/resourceGroups/Ajit-Test-Test-RG/providers/Microsoft.Network/loadBalancers/load_balancer",
            "location": "northeurope",
            "name": "load_balancer",
            "private_ip_address": "",
            "private_ip_addresses": [],
            "resource_group_name": "Ajit-Test-Test-RG",
            "sku": "Standard",
            "sku_tier": "Regional",
            "tags": {},
            "timeouts": null
          },
          "sensitive_attributes": [],
          "private": "eyJlMmJmYjczMC1lY2FhLTExZTYtOGY4OC0zNDM2M2JjN2M0YzAiOnsiY3JlYXRlIjoxODAwMDAwMDAwMDAwLCJkZWxldGUiOjE4MDAwMDAwMDAwMDAsInJlYWQiOjMwMDAwMDAwMDAwMCwidXBkYXRlIjoxODAwMDAwMDAwMDAwfX0=",
          "dependencies": [
            "module.LinuxVirtualMachine.azurerm_linux_virtual_machine.Linux-VM",
            "module.LoadBalancer.azurerm_public_ip.Frontend_ip",
            "module.NetworkInterface.azurerm_network_interface.example",
            "module.PublicIP.azurerm_public_ip.public_ip",
            "module.ResourceGroup.azurerm_resource_group.apprg",
            "module.Subnet.azurerm_subnet.subnet",
            "module.VirtualNetwork.azurerm_virtual_network.vnet"
          ]
        }
      ]
    },
    {
      "module": "module.LoadBalancer",
      "mode": "managed",
      "type": "azurerm_lb_backend_address_pool",
      "name": "backend_pool",
      "provider": "provider[\"registry.terraform.io/hashicorp/azurerm\"]",
      "instances": [
        {
          "schema_version": 0,
          "attributes": {
            "backend_ip_configurations": [],
            "id": "/subscriptions/9c9354de-cfe5-4c27-9c40-e6faadf58ed2/resourceGroups/Ajit-Test-Test-RG/providers/Microsoft.Network/loadBalancers/load_balancer/backendAddressPools/backend_pool",
            "inbound_nat_rules": [],
            "load_balancing_rules": [],
            "loadbalancer_id": "/subscriptions/9c9354de-cfe5-4c27-9c40-e6faadf58ed2/resourceGroups/Ajit-Test-Test-RG/providers/Microsoft.Network/loadBalancers/load_balancer",
            "name": "backend_pool",
            "outbound_rules": [],
            "synchronous_mode": "",
            "timeouts": null,
            "tunnel_interface": [],
            "virtual_network_id": ""
          },
          "sensitive_attributes": [],
          "private": "eyJlMmJmYjczMC1lY2FhLTExZTYtOGY4OC0zNDM2M2JjN2M0YzAiOnsiY3JlYXRlIjoxODAwMDAwMDAwMDAwLCJkZWxldGUiOjE4MDAwMDAwMDAwMDAsInJlYWQiOjMwMDAwMDAwMDAwMCwidXBkYXRlIjoxODAwMDAwMDAwMDAwfX0=",
          "dependencies": [
            "module.LinuxVirtualMachine.azurerm_linux_virtual_machine.Linux-VM",
            "module.LoadBalancer.azurerm_lb.load_balancer",
            "module.LoadBalancer.azurerm_public_ip.Frontend_ip",
            "module.NetworkInterface.azurerm_network_interface.example",
            "module.PublicIP.azurerm_public_ip.public_ip",
            "module.ResourceGroup.azurerm_resource_group.apprg",
            "module.Subnet.azurerm_subnet.subnet",
            "module.VirtualNetwork.azurerm_virtual_network.vnet"
          ]
        }
      ]
    },
    {
      "module": "module.LoadBalancer",
      "mode": "managed",
      "type": "azurerm_lb_backend_address_pool_address",
      "name": "backend_pool_address",
      "provider": "provider[\"registry.terraform.io/hashicorp/azurerm\"]",
      "instances": [
        {
          "index_key": 0,
          "schema_version": 0,
          "attributes": {
            "backend_address_ip_configuration_id": "",
            "backend_address_pool_id": "/subscriptions/9c9354de-cfe5-4c27-9c40-e6faadf58ed2/resourceGroups/Ajit-Test-Test-RG/providers/Microsoft.Network/loadBalancers/load_balancer/backendAddressPools/backend_pool",
            "id": "/subscriptions/9c9354de-cfe5-4c27-9c40-e6faadf58ed2/resourceGroups/Ajit-Test-Test-RG/providers/Microsoft.Network/loadBalancers/load_balancer/backendAddressPools/backend_pool/addresses/backend_pool_address0",
            "inbound_nat_rule_port_mapping": [],
            "ip_address": "10.0.0.4",
            "name": "backend_pool_address0",
            "timeouts": null,
            "virtual_network_id": "/subscriptions/9c9354de-cfe5-4c27-9c40-e6faadf58ed2/resourceGroups/Ajit-Test-Test-RG/providers/Microsoft.Network/virtualNetworks/Ajit-Test-Vnet"
          },
          "sensitive_attributes": [],
          "private": "eyJlMmJmYjczMC1lY2FhLTExZTYtOGY4OC0zNDM2M2JjN2M0YzAiOnsiY3JlYXRlIjoxODAwMDAwMDAwMDAwLCJkZWxldGUiOjE4MDAwMDAwMDAwMDAsInJlYWQiOjMwMDAwMDAwMDAwMCwidXBkYXRlIjoxODAwMDAwMDAwMDAwfX0=",
          "dependencies": [
            "module.LinuxVirtualMachine.azurerm_linux_virtual_machine.Linux-VM",
            "module.LoadBalancer.azurerm_lb.load_balancer",
            "module.LoadBalancer.azurerm_lb_backend_address_pool.backend_pool",
            "module.LoadBalancer.azurerm_public_ip.Frontend_ip",
            "module.NetworkInterface.azurerm_network_interface.example",
            "module.PublicIP.azurerm_public_ip.public_ip",
            "module.ResourceGroup.azurerm_resource_group.apprg",
            "module.Subnet.azurerm_subnet.subnet",
            "module.VirtualNetwork.azurerm_virtual_network.vnet"
          ]
        },
        {
          "index_key": 1,
          "schema_version": 0,
          "attributes": {
            "backend_address_ip_configuration_id": "",
            "backend_address_pool_id": "/subscriptions/9c9354de-cfe5-4c27-9c40-e6faadf58ed2/resourceGroups/Ajit-Test-Test-RG/providers/Microsoft.Network/loadBalancers/load_balancer/backendAddressPools/backend_pool",
            "id": "/subscriptions/9c9354de-cfe5-4c27-9c40-e6faadf58ed2/resourceGroups/Ajit-Test-Test-RG/providers/Microsoft.Network/loadBalancers/load_balancer/backendAddressPools/backend_pool/addresses/backend_pool_address1",
            "inbound_nat_rule_port_mapping": [],
            "ip_address": "10.0.1.4",
            "name": "backend_pool_address1",
            "timeouts": null,
            "virtual_network_id": "/subscriptions/9c9354de-cfe5-4c27-9c40-e6faadf58ed2/resourceGroups/Ajit-Test-Test-RG/providers/Microsoft.Network/virtualNetworks/Ajit-Test-Vnet"
          },
          "sensitive_attributes": [],
          "private": "eyJlMmJmYjczMC1lY2FhLTExZTYtOGY4OC0zNDM2M2JjN2M0YzAiOnsiY3JlYXRlIjoxODAwMDAwMDAwMDAwLCJkZWxldGUiOjE4MDAwMDAwMDAwMDAsInJlYWQiOjMwMDAwMDAwMDAwMCwidXBkYXRlIjoxODAwMDAwMDAwMDAwfX0=",
          "dependencies": [
            "module.LinuxVirtualMachine.azurerm_linux_virtual_machine.Linux-VM",
            "module.LoadBalancer.azurerm_lb.load_balancer",
            "module.LoadBalancer.azurerm_lb_backend_address_pool.backend_pool",
            "module.LoadBalancer.azurerm_public_ip.Frontend_ip",
            "module.NetworkInterface.azurerm_network_interface.example",
            "module.PublicIP.azurerm_public_ip.public_ip",
            "module.ResourceGroup.azurerm_resource_group.apprg",
            "module.Subnet.azurerm_subnet.subnet",
            "module.VirtualNetwork.azurerm_virtual_network.vnet"
          ]
        }
      ]
    },
    {
      "module": "module.LoadBalancer",
      "mode": "managed",
      "type": "azurerm_lb_probe",
      "name": "probe",
      "provider": "provider[\"registry.terraform.io/hashicorp/azurerm\"]",
      "instances": [
        {
          "schema_version": 0,
          "attributes": {
            "id": "/subscriptions/9c9354de-cfe5-4c27-9c40-e6faadf58ed2/resourceGroups/Ajit-Test-Test-RG/providers/Microsoft.Network/loadBalancers/load_balancer/probes/http-allow",
            "interval_in_seconds": 15,
            "load_balancer_rules": [],
            "loadbalancer_id": "/subscriptions/9c9354de-cfe5-4c27-9c40-e6faadf58ed2/resourceGroups/Ajit-Test-Test-RG/providers/Microsoft.Network/loadBalancers/load_balancer",
            "name": "http-allow",
            "number_of_probes": 2,
            "port": 80,
            "probe_threshold": 1,
            "protocol": "Tcp",
            "request_path": "",
            "timeouts": null
          },
          "sensitive_attributes": [],
          "private": "eyJlMmJmYjczMC1lY2FhLTExZTYtOGY4OC0zNDM2M2JjN2M0YzAiOnsiY3JlYXRlIjoxODAwMDAwMDAwMDAwLCJkZWxldGUiOjE4MDAwMDAwMDAwMDAsInJlYWQiOjMwMDAwMDAwMDAwMCwidXBkYXRlIjoxODAwMDAwMDAwMDAwfX0=",
          "dependencies": [
            "module.LinuxVirtualMachine.azurerm_linux_virtual_machine.Linux-VM",
            "module.LoadBalancer.azurerm_lb.load_balancer",
            "module.LoadBalancer.azurerm_lb_backend_address_pool.backend_pool",
            "module.LoadBalancer.azurerm_lb_backend_address_pool_address.backend_pool_address",
            "module.LoadBalancer.azurerm_public_ip.Frontend_ip",
            "module.NetworkInterface.azurerm_network_interface.example",
            "module.PublicIP.azurerm_public_ip.public_ip",
            "module.ResourceGroup.azurerm_resource_group.apprg",
            "module.Subnet.azurerm_subnet.subnet",
            "module.VirtualNetwork.azurerm_virtual_network.vnet"
          ]
        }
      ]
    },
    {
      "module": "module.LoadBalancer",
      "mode": "managed",
      "type": "azurerm_lb_rule",
      "name": "lb_rule",
      "provider": "provider[\"registry.terraform.io/hashicorp/azurerm\"]",
      "instances": [
        {
          "schema_version": 0,
          "attributes": {
            "backend_address_pool_ids": [
              "/subscriptions/9c9354de-cfe5-4c27-9c40-e6faadf58ed2/resourceGroups/Ajit-Test-Test-RG/providers/Microsoft.Network/loadBalancers/load_balancer/backendAddressPools/backend_pool"
            ],
            "backend_port": 80,
            "disable_outbound_snat": false,
            "enable_floating_ip": false,
            "enable_tcp_reset": false,
            "frontend_ip_configuration_id": "/subscriptions/9c9354de-cfe5-4c27-9c40-e6faadf58ed2/resourceGroups/Ajit-Test-Test-RG/providers/Microsoft.Network/loadBalancers/load_balancer/frontendIPConfigurations/Frontend_ip",
            "frontend_ip_configuration_name": "Frontend_ip",
            "frontend_port": 80,
            "id": "/subscriptions/9c9354de-cfe5-4c27-9c40-e6faadf58ed2/resourceGroups/Ajit-Test-Test-RG/providers/Microsoft.Network/loadBalancers/load_balancer/loadBalancingRules/lb_rule",
            "idle_timeout_in_minutes": 4,
            "load_distribution": "Default",
            "loadbalancer_id": "/subscriptions/9c9354de-cfe5-4c27-9c40-e6faadf58ed2/resourceGroups/Ajit-Test-Test-RG/providers/Microsoft.Network/loadBalancers/load_balancer",
            "name": "lb_rule",
            "probe_id": "/subscriptions/9c9354de-cfe5-4c27-9c40-e6faadf58ed2/resourceGroups/Ajit-Test-Test-RG/providers/Microsoft.Network/loadBalancers/load_balancer/probes/http-allow",
            "protocol": "Tcp",
            "timeouts": null
          },
          "sensitive_attributes": [],
          "private": "eyJlMmJmYjczMC1lY2FhLTExZTYtOGY4OC0zNDM2M2JjN2M0YzAiOnsiY3JlYXRlIjoxODAwMDAwMDAwMDAwLCJkZWxldGUiOjE4MDAwMDAwMDAwMDAsInJlYWQiOjMwMDAwMDAwMDAwMCwidXBkYXRlIjoxODAwMDAwMDAwMDAwfX0=",
          "dependencies": [
            "module.LinuxVirtualMachine.azurerm_linux_virtual_machine.Linux-VM",
            "module.LoadBalancer.azurerm_lb.load_balancer",
            "module.LoadBalancer.azurerm_lb_backend_address_pool.backend_pool",
            "module.LoadBalancer.azurerm_lb_backend_address_pool_address.backend_pool_address",
            "module.LoadBalancer.azurerm_lb_probe.probe",
            "module.LoadBalancer.azurerm_public_ip.Frontend_ip",
            "module.NetworkInterface.azurerm_network_interface.example",
            "module.PublicIP.azurerm_public_ip.public_ip",
            "module.ResourceGroup.azurerm_resource_group.apprg",
            "module.Subnet.azurerm_subnet.subnet",
            "module.VirtualNetwork.azurerm_virtual_network.vnet"
          ]
        }
      ]
    },
    {
      "module": "module.LoadBalancer",
      "mode": "managed",
      "type": "azurerm_public_ip",
      "name": "Frontend_ip",
      "provider": "provider[\"registry.terraform.io/hashicorp/azurerm\"]",
      "instances": [
        {
          "schema_version": 0,
          "attributes": {
            "allocation_method": "Static",
            "ddos_protection_mode": "VirtualNetworkInherited",
            "ddos_protection_plan_id": null,
            "domain_name_label": null,
            "domain_name_label_scope": null,
            "edge_zone": "",
            "fqdn": null,
            "id": "/subscriptions/9c9354de-cfe5-4c27-9c40-e6faadf58ed2/resourceGroups/Ajit-Test-Test-RG/providers/Microsoft.Network/publicIPAddresses/Frontend_ip",
            "idle_timeout_in_minutes": 4,
            "ip_address": "20.166.36.84",
            "ip_tags": {},
            "ip_version": "IPv4",
            "location": "northeurope",
            "name": "Frontend_ip",
            "public_ip_prefix_id": null,
            "resource_group_name": "Ajit-Test-Test-RG",
            "reverse_fqdn": null,
            "sku": "Standard",
            "sku_tier": "Regional",
            "tags": {},
            "timeouts": null,
            "zones": []
          },
          "sensitive_attributes": [],
          "private": "eyJlMmJmYjczMC1lY2FhLTExZTYtOGY4OC0zNDM2M2JjN2M0YzAiOnsiY3JlYXRlIjoxODAwMDAwMDAwMDAwLCJkZWxldGUiOjE4MDAwMDAwMDAwMDAsInJlYWQiOjMwMDAwMDAwMDAwMCwidXBkYXRlIjoxODAwMDAwMDAwMDAwfX0=",
          "dependencies": [
            "module.LinuxVirtualMachine.azurerm_linux_virtual_machine.Linux-VM",
            "module.NetworkInterface.azurerm_network_interface.example",
            "module.PublicIP.azurerm_public_ip.public_ip",
            "module.ResourceGroup.azurerm_resource_group.apprg",
            "module.Subnet.azurerm_subnet.subnet",
            "module.VirtualNetwork.azurerm_virtual_network.vnet"
          ]
        }
      ]
    },
    {
      "module": "module.NSG",
      "mode": "managed",
      "type": "azurerm_network_security_group",
      "name": "NSG",
      "provider": "provider[\"registry.terraform.io/hashicorp/azurerm\"]",
      "instances": [
        {
          "schema_version": 0,
          "attributes": {
            "id": "/subscriptions/9c9354de-cfe5-4c27-9c40-e6faadf58ed2/resourceGroups/Ajit-Test-Test-RG/providers/Microsoft.Network/networkSecurityGroups/Ajit-NSG-Test",
            "location": "northeurope",
            "name": "Ajit-NSG-Test",
            "resource_group_name": "Ajit-Test-Test-RG",
            "security_rule": [
              {
                "access": "Allow",
                "description": "",
                "destination_address_prefix": "*",
                "destination_address_prefixes": [],
                "destination_application_security_group_ids": [],
                "destination_port_range": "22",
                "destination_port_ranges": [],
                "direction": "Inbound",
                "name": "Allow_ssh",
                "priority": 101,
                "protocol": "Tcp",
                "source_address_prefix": "*",
                "source_address_prefixes": [],
                "source_application_security_group_ids": [],
                "source_port_range": "*",
                "source_port_ranges": []
              },
              {
                "access": "Allow",
                "description": "",
                "destination_address_prefix": "*",
                "destination_address_prefixes": [],
                "destination_application_security_group_ids": [],
                "destination_port_range": "443",
                "destination_port_ranges": [],
                "direction": "Inbound",
                "name": "Allow_https",
                "priority": 110,
                "protocol": "Tcp",
                "source_address_prefix": "*",
                "source_address_prefixes": [],
                "source_application_security_group_ids": [],
                "source_port_range": "*",
                "source_port_ranges": []
              },
              {
                "access": "Allow",
                "description": "",
                "destination_address_prefix": "*",
                "destination_address_prefixes": [],
                "destination_application_security_group_ids": [],
                "destination_port_range": "80",
                "destination_port_ranges": [],
                "direction": "Inbound",
                "name": "Allow_http",
                "priority": 100,
                "protocol": "Tcp",
                "source_address_prefix": "*",
                "source_address_prefixes": [],
                "source_application_security_group_ids": [],
                "source_port_range": "*",
                "source_port_ranges": []
              }
            ],
            "tags": {},
            "timeouts": null
          },
          "sensitive_attributes": [],
          "private": "eyJlMmJmYjczMC1lY2FhLTExZTYtOGY4OC0zNDM2M2JjN2M0YzAiOnsiY3JlYXRlIjoxODAwMDAwMDAwMDAwLCJkZWxldGUiOjE4MDAwMDAwMDAwMDAsInJlYWQiOjMwMDAwMDAwMDAwMCwidXBkYXRlIjoxODAwMDAwMDAwMDAwfX0=",
          "dependencies": [
            "module.ResourceGroup.azurerm_resource_group.apprg",
            "module.Subnet.azurerm_subnet.subnet",
            "module.VirtualNetwork.azurerm_virtual_network.vnet"
          ]
        }
      ]
    },
    {
      "module": "module.NSG",
      "mode": "managed",
      "type": "azurerm_network_security_rule",
      "name": "NSG_rules",
      "provider": "provider[\"registry.terraform.io/hashicorp/azurerm\"]",
      "instances": [
        {
          "index_key": "Allow_http",
          "schema_version": 0,
          "attributes": {
            "access": "Allow",
            "description": "",
            "destination_address_prefix": "*",
            "destination_address_prefixes": [],
            "destination_application_security_group_ids": [],
            "destination_port_range": "80",
            "destination_port_ranges": [],
            "direction": "Inbound",
            "id": "/subscriptions/9c9354de-cfe5-4c27-9c40-e6faadf58ed2/resourceGroups/Ajit-Test-Test-RG/providers/Microsoft.Network/networkSecurityGroups/Ajit-NSG-Test/securityRules/Allow_http",
            "name": "Allow_http",
            "network_security_group_name": "Ajit-NSG-Test",
            "priority": 100,
            "protocol": "Tcp",
            "resource_group_name": "Ajit-Test-Test-RG",
            "source_address_prefix": "*",
            "source_address_prefixes": [],
            "source_application_security_group_ids": [],
            "source_port_range": "*",
            "source_port_ranges": [],
            "timeouts": null
          },
          "sensitive_attributes": [],
          "private": "eyJlMmJmYjczMC1lY2FhLTExZTYtOGY4OC0zNDM2M2JjN2M0YzAiOnsiY3JlYXRlIjoxODAwMDAwMDAwMDAwLCJkZWxldGUiOjE4MDAwMDAwMDAwMDAsInJlYWQiOjMwMDAwMDAwMDAwMCwidXBkYXRlIjoxODAwMDAwMDAwMDAwfX0=",
          "dependencies": [
            "module.NSG.azurerm_network_security_group.NSG",
            "module.ResourceGroup.azurerm_resource_group.apprg",
            "module.Subnet.azurerm_subnet.subnet",
            "module.VirtualNetwork.azurerm_virtual_network.vnet"
          ]
        },
        {
          "index_key": "Allow_https",
          "schema_version": 0,
          "attributes": {
            "access": "Allow",
            "description": "",
            "destination_address_prefix": "*",
            "destination_address_prefixes": [],
            "destination_application_security_group_ids": [],
            "destination_port_range": "443",
            "destination_port_ranges": [],
            "direction": "Inbound",
            "id": "/subscriptions/9c9354de-cfe5-4c27-9c40-e6faadf58ed2/resourceGroups/Ajit-Test-Test-RG/providers/Microsoft.Network/networkSecurityGroups/Ajit-NSG-Test/securityRules/Allow_https",
            "name": "Allow_https",
            "network_security_group_name": "Ajit-NSG-Test",
            "priority": 110,
            "protocol": "Tcp",
            "resource_group_name": "Ajit-Test-Test-RG",
            "source_address_prefix": "*",
            "source_address_prefixes": [],
            "source_application_security_group_ids": [],
            "source_port_range": "*",
            "source_port_ranges": [],
            "timeouts": null
          },
          "sensitive_attributes": [],
          "private": "eyJlMmJmYjczMC1lY2FhLTExZTYtOGY4OC0zNDM2M2JjN2M0YzAiOnsiY3JlYXRlIjoxODAwMDAwMDAwMDAwLCJkZWxldGUiOjE4MDAwMDAwMDAwMDAsInJlYWQiOjMwMDAwMDAwMDAwMCwidXBkYXRlIjoxODAwMDAwMDAwMDAwfX0=",
          "dependencies": [
            "module.NSG.azurerm_network_security_group.NSG",
            "module.ResourceGroup.azurerm_resource_group.apprg",
            "module.Subnet.azurerm_subnet.subnet",
            "module.VirtualNetwork.azurerm_virtual_network.vnet"
          ]
        },
        {
          "index_key": "Allow_ssh",
          "schema_version": 0,
          "attributes": {
            "access": "Allow",
            "description": "",
            "destination_address_prefix": "*",
            "destination_address_prefixes": [],
            "destination_application_security_group_ids": [],
            "destination_port_range": "22",
            "destination_port_ranges": [],
            "direction": "Inbound",
            "id": "/subscriptions/9c9354de-cfe5-4c27-9c40-e6faadf58ed2/resourceGroups/Ajit-Test-Test-RG/providers/Microsoft.Network/networkSecurityGroups/Ajit-NSG-Test/securityRules/Allow_ssh",
            "name": "Allow_ssh",
            "network_security_group_name": "Ajit-NSG-Test",
            "priority": 101,
            "protocol": "Tcp",
            "resource_group_name": "Ajit-Test-Test-RG",
            "source_address_prefix": "*",
            "source_address_prefixes": [],
            "source_application_security_group_ids": [],
            "source_port_range": "*",
            "source_port_ranges": [],
            "timeouts": null
          },
          "sensitive_attributes": [],
          "private": "eyJlMmJmYjczMC1lY2FhLTExZTYtOGY4OC0zNDM2M2JjN2M0YzAiOnsiY3JlYXRlIjoxODAwMDAwMDAwMDAwLCJkZWxldGUiOjE4MDAwMDAwMDAwMDAsInJlYWQiOjMwMDAwMDAwMDAwMCwidXBkYXRlIjoxODAwMDAwMDAwMDAwfX0=",
          "dependencies": [
            "module.NSG.azurerm_network_security_group.NSG",
            "module.ResourceGroup.azurerm_resource_group.apprg",
            "module.Subnet.azurerm_subnet.subnet",
            "module.VirtualNetwork.azurerm_virtual_network.vnet"
          ]
        }
      ]
    },
    {
      "module": "module.NSG",
      "mode": "managed",
      "type": "azurerm_subnet_network_security_group_association",
      "name": "subnet_nsg_linking",
      "provider": "provider[\"registry.terraform.io/hashicorp/azurerm\"]",
      "instances": [
        {
          "index_key": 0,
          "schema_version": 0,
          "attributes": {
            "id": "/subscriptions/9c9354de-cfe5-4c27-9c40-e6faadf58ed2/resourceGroups/Ajit-Test-Test-RG/providers/Microsoft.Network/virtualNetworks/Ajit-Test-Vnet/subnets/Subnet-Test1",
            "network_security_group_id": "/subscriptions/9c9354de-cfe5-4c27-9c40-e6faadf58ed2/resourceGroups/Ajit-Test-Test-RG/providers/Microsoft.Network/networkSecurityGroups/Ajit-NSG-Test",
            "subnet_id": "/subscriptions/9c9354de-cfe5-4c27-9c40-e6faadf58ed2/resourceGroups/Ajit-Test-Test-RG/providers/Microsoft.Network/virtualNetworks/Ajit-Test-Vnet/subnets/Subnet-Test1",
            "timeouts": null
          },
          "sensitive_attributes": [],
          "private": "eyJlMmJmYjczMC1lY2FhLTExZTYtOGY4OC0zNDM2M2JjN2M0YzAiOnsiY3JlYXRlIjoxODAwMDAwMDAwMDAwLCJkZWxldGUiOjE4MDAwMDAwMDAwMDAsInJlYWQiOjMwMDAwMDAwMDAwMH19",
          "dependencies": [
            "module.NSG.azurerm_network_security_group.NSG",
            "module.ResourceGroup.azurerm_resource_group.apprg",
            "module.Subnet.azurerm_subnet.subnet",
            "module.VirtualNetwork.azurerm_virtual_network.vnet"
          ]
        },
        {
          "index_key": 1,
          "schema_version": 0,
          "attributes": {
            "id": "/subscriptions/9c9354de-cfe5-4c27-9c40-e6faadf58ed2/resourceGroups/Ajit-Test-Test-RG/providers/Microsoft.Network/virtualNetworks/Ajit-Test-Vnet/subnets/Subnet-Test2",
            "network_security_group_id": "/subscriptions/9c9354de-cfe5-4c27-9c40-e6faadf58ed2/resourceGroups/Ajit-Test-Test-RG/providers/Microsoft.Network/networkSecurityGroups/Ajit-NSG-Test",
            "subnet_id": "/subscriptions/9c9354de-cfe5-4c27-9c40-e6faadf58ed2/resourceGroups/Ajit-Test-Test-RG/providers/Microsoft.Network/virtualNetworks/Ajit-Test-Vnet/subnets/Subnet-Test2",
            "timeouts": null
          },
          "sensitive_attributes": [],
          "private": "eyJlMmJmYjczMC1lY2FhLTExZTYtOGY4OC0zNDM2M2JjN2M0YzAiOnsiY3JlYXRlIjoxODAwMDAwMDAwMDAwLCJkZWxldGUiOjE4MDAwMDAwMDAwMDAsInJlYWQiOjMwMDAwMDAwMDAwMH19",
          "dependencies": [
            "module.NSG.azurerm_network_security_group.NSG",
            "module.ResourceGroup.azurerm_resource_group.apprg",
            "module.Subnet.azurerm_subnet.subnet",
            "module.VirtualNetwork.azurerm_virtual_network.vnet"
          ]
        }
      ]
    },
    {
      "module": "module.NetworkInterface",
      "mode": "managed",
      "type": "azurerm_network_interface",
      "name": "example",
      "provider": "provider[\"registry.terraform.io/hashicorp/azurerm\"]",
      "instances": [
        {
          "index_key": 0,
          "schema_version": 0,
          "attributes": {
            "accelerated_networking_enabled": false,
            "applied_dns_servers": [],
            "auxiliary_mode": "",
            "auxiliary_sku": "",
            "dns_servers": [],
            "edge_zone": "",
            "id": "/subscriptions/9c9354de-cfe5-4c27-9c40-e6faadf58ed2/resourceGroups/Ajit-Test-Test-RG/providers/Microsoft.Network/networkInterfaces/Ajit-NIC-Test-1",
            "internal_dns_name_label": "",
            "internal_domain_name_suffix": "w21bjkoekpbepi4jt5tsyci5re.fx.internal.cloudapp.net",
            "ip_configuration": [
              {
                "gateway_load_balancer_frontend_ip_configuration_id": "",
                "name": "internal",
                "primary": true,
                "private_ip_address": "10.0.0.4",
                "private_ip_address_allocation": "Dynamic",
                "private_ip_address_version": "IPv4",
                "public_ip_address_id": "/subscriptions/9c9354de-cfe5-4c27-9c40-e6faadf58ed2/resourceGroups/Ajit-Test-Test-RG/providers/Microsoft.Network/publicIPAddresses/Ajit-pip-Test-1",
                "subnet_id": "/subscriptions/9c9354de-cfe5-4c27-9c40-e6faadf58ed2/resourceGroups/Ajit-Test-Test-RG/providers/Microsoft.Network/virtualNetworks/Ajit-Test-Vnet/subnets/Subnet-Test1"
              }
            ],
            "ip_forwarding_enabled": false,
            "location": "northeurope",
            "mac_address": "7C-1E-52-37-A2-3E",
            "name": "Ajit-NIC-Test-1",
            "private_ip_address": "10.0.0.4",
            "private_ip_addresses": [
              "10.0.0.4"
            ],
            "resource_group_name": "Ajit-Test-Test-RG",
            "tags": {},
            "timeouts": null,
            "virtual_machine_id": "/subscriptions/9c9354de-cfe5-4c27-9c40-e6faadf58ed2/resourceGroups/Ajit-Test-Test-RG/providers/Microsoft.Compute/virtualMachines/AjitLinuxTestVm1"
          },
          "sensitive_attributes": [],
          "private": "eyJlMmJmYjczMC1lY2FhLTExZTYtOGY4OC0zNDM2M2JjN2M0YzAiOnsiY3JlYXRlIjoxODAwMDAwMDAwMDAwLCJkZWxldGUiOjE4MDAwMDAwMDAwMDAsInJlYWQiOjMwMDAwMDAwMDAwMCwidXBkYXRlIjoxODAwMDAwMDAwMDAwfX0=",
          "dependencies": [
            "module.PublicIP.azurerm_public_ip.public_ip",
            "module.ResourceGroup.azurerm_resource_group.apprg",
            "module.Subnet.azurerm_subnet.subnet",
            "module.VirtualNetwork.azurerm_virtual_network.vnet"
          ]
        },
        {
          "index_key": 1,
          "schema_version": 0,
          "attributes": {
            "accelerated_networking_enabled": false,
            "applied_dns_servers": [],
            "auxiliary_mode": "",
            "auxiliary_sku": "",
            "dns_servers": [],
            "edge_zone": "",
            "id": "/subscriptions/9c9354de-cfe5-4c27-9c40-e6faadf58ed2/resourceGroups/Ajit-Test-Test-RG/providers/Microsoft.Network/networkInterfaces/Ajit-NIC-Test-2",
            "internal_dns_name_label": "",
            "internal_domain_name_suffix": "w21bjkoekpbepi4jt5tsyci5re.fx.internal.cloudapp.net",
            "ip_configuration": [
              {
                "gateway_load_balancer_frontend_ip_configuration_id": "",
                "name": "internal",
                "primary": true,
                "private_ip_address": "10.0.1.4",
                "private_ip_address_allocation": "Dynamic",
                "private_ip_address_version": "IPv4",
                "public_ip_address_id": "/subscriptions/9c9354de-cfe5-4c27-9c40-e6faadf58ed2/resourceGroups/Ajit-Test-Test-RG/providers/Microsoft.Network/publicIPAddresses/Ajit-pip-Test-2",
                "subnet_id": "/subscriptions/9c9354de-cfe5-4c27-9c40-e6faadf58ed2/resourceGroups/Ajit-Test-Test-RG/providers/Microsoft.Network/virtualNetworks/Ajit-Test-Vnet/subnets/Subnet-Test2"
              }
            ],
            "ip_forwarding_enabled": false,
            "location": "northeurope",
            "mac_address": "00-22-48-A0-0C-2C",
            "name": "Ajit-NIC-Test-2",
            "private_ip_address": "10.0.1.4",
            "private_ip_addresses": [
              "10.0.1.4"
            ],
            "resource_group_name": "Ajit-Test-Test-RG",
            "tags": {},
            "timeouts": null,
            "virtual_machine_id": "/subscriptions/9c9354de-cfe5-4c27-9c40-e6faadf58ed2/resourceGroups/Ajit-Test-Test-RG/providers/Microsoft.Compute/virtualMachines/AjitLinuxTestVm2"
          },
          "sensitive_attributes": [],
          "private": "eyJlMmJmYjczMC1lY2FhLTExZTYtOGY4OC0zNDM2M2JjN2M0YzAiOnsiY3JlYXRlIjoxODAwMDAwMDAwMDAwLCJkZWxldGUiOjE4MDAwMDAwMDAwMDAsInJlYWQiOjMwMDAwMDAwMDAwMCwidXBkYXRlIjoxODAwMDAwMDAwMDAwfX0=",
          "dependencies": [
            "module.PublicIP.azurerm_public_ip.public_ip",
            "module.ResourceGroup.azurerm_resource_group.apprg",
            "module.Subnet.azurerm_subnet.subnet",
            "module.VirtualNetwork.azurerm_virtual_network.vnet"
          ]
        }
      ]
    },
    {
      "module": "module.PublicIP",
      "mode": "managed",
      "type": "azurerm_public_ip",
      "name": "public_ip",
      "provider": "provider[\"registry.terraform.io/hashicorp/azurerm\"]",
      "instances": [
        {
          "index_key": 0,
          "schema_version": 0,
          "attributes": {
            "allocation_method": "Static",
            "ddos_protection_mode": "VirtualNetworkInherited",
            "ddos_protection_plan_id": null,
            "domain_name_label": null,
            "domain_name_label_scope": null,
            "edge_zone": "",
            "fqdn": null,
            "id": "/subscriptions/9c9354de-cfe5-4c27-9c40-e6faadf58ed2/resourceGroups/Ajit-Test-Test-RG/providers/Microsoft.Network/publicIPAddresses/Ajit-pip-Test-1",
            "idle_timeout_in_minutes": 4,
            "ip_address": "98.71.72.123",
            "ip_tags": {},
            "ip_version": "IPv4",
            "location": "northeurope",
            "name": "Ajit-pip-Test-1",
            "public_ip_prefix_id": null,
            "resource_group_name": "Ajit-Test-Test-RG",
            "reverse_fqdn": null,
            "sku": "Standard",
            "sku_tier": "Regional",
            "tags": {},
            "timeouts": null,
            "zones": []
          },
          "sensitive_attributes": [],
          "private": "eyJlMmJmYjczMC1lY2FhLTExZTYtOGY4OC0zNDM2M2JjN2M0YzAiOnsiY3JlYXRlIjoxODAwMDAwMDAwMDAwLCJkZWxldGUiOjE4MDAwMDAwMDAwMDAsInJlYWQiOjMwMDAwMDAwMDAwMCwidXBkYXRlIjoxODAwMDAwMDAwMDAwfX0=",
          "dependencies": [
            "module.ResourceGroup.azurerm_resource_group.apprg"
          ]
        },
        {
          "index_key": 1,
          "schema_version": 0,
          "attributes": {
            "allocation_method": "Static",
            "ddos_protection_mode": "VirtualNetworkInherited",
            "ddos_protection_plan_id": null,
            "domain_name_label": null,
            "domain_name_label_scope": null,
            "edge_zone": "",
            "fqdn": null,
            "id": "/subscriptions/9c9354de-cfe5-4c27-9c40-e6faadf58ed2/resourceGroups/Ajit-Test-Test-RG/providers/Microsoft.Network/publicIPAddresses/Ajit-pip-Test-2",
            "idle_timeout_in_minutes": 4,
            "ip_address": "68.219.225.119",
            "ip_tags": {},
            "ip_version": "IPv4",
            "location": "northeurope",
            "name": "Ajit-pip-Test-2",
            "public_ip_prefix_id": null,
            "resource_group_name": "Ajit-Test-Test-RG",
            "reverse_fqdn": null,
            "sku": "Standard",
            "sku_tier": "Regional",
            "tags": {},
            "timeouts": null,
            "zones": []
          },
          "sensitive_attributes": [],
          "private": "eyJlMmJmYjczMC1lY2FhLTExZTYtOGY4OC0zNDM2M2JjN2M0YzAiOnsiY3JlYXRlIjoxODAwMDAwMDAwMDAwLCJkZWxldGUiOjE4MDAwMDAwMDAwMDAsInJlYWQiOjMwMDAwMDAwMDAwMCwidXBkYXRlIjoxODAwMDAwMDAwMDAwfX0=",
          "dependencies": [
            "module.ResourceGroup.azurerm_resource_group.apprg"
          ]
        }
      ]
    },
    {
      "module": "module.ResourceGroup",
      "mode": "managed",
      "type": "azurerm_resource_group",
      "name": "apprg",
      "provider": "provider[\"registry.terraform.io/hashicorp/azurerm\"]",
      "instances": [
        {
          "schema_version": 0,
          "attributes": {
            "id": "/subscriptions/9c9354de-cfe5-4c27-9c40-e6faadf58ed2/resourceGroups/Ajit-Test-Test-RG",
            "location": "northeurope",
            "managed_by": "",
            "name": "Ajit-Test-Test-RG",
            "tags": {},
            "timeouts": null
          },
          "sensitive_attributes": [],
          "private": "eyJlMmJmYjczMC1lY2FhLTExZTYtOGY4OC0zNDM2M2JjN2M0YzAiOnsiY3JlYXRlIjo1NDAwMDAwMDAwMDAwLCJkZWxldGUiOjU0MDAwMDAwMDAwMDAsInJlYWQiOjMwMDAwMDAwMDAwMCwidXBkYXRlIjo1NDAwMDAwMDAwMDAwfX0="
        }
      ]
    },
    {
      "module": "module.Subnet",
      "mode": "managed",
      "type": "azurerm_subnet",
      "name": "subnet",
      "provider": "provider[\"registry.terraform.io/hashicorp/azurerm\"]",
      "instances": [
        {
          "index_key": 0,
          "schema_version": 0,
          "attributes": {
            "address_prefixes": [
              "10.0.0.0/24"
            ],
            "default_outbound_access_enabled": true,
            "delegation": [],
            "id": "/subscriptions/9c9354de-cfe5-4c27-9c40-e6faadf58ed2/resourceGroups/Ajit-Test-Test-RG/providers/Microsoft.Network/virtualNetworks/Ajit-Test-Vnet/subnets/Subnet-Test1",
            "name": "Subnet-Test1",
            "private_endpoint_network_policies": "Disabled",
            "private_link_service_network_policies_enabled": true,
            "resource_group_name": "Ajit-Test-Test-RG",
            "service_endpoint_policy_ids": [],
            "service_endpoints": [],
            "timeouts": null,
            "virtual_network_name": "Ajit-Test-Vnet"
          },
          "sensitive_attributes": [],
          "private": "eyJlMmJmYjczMC1lY2FhLTExZTYtOGY4OC0zNDM2M2JjN2M0YzAiOnsiY3JlYXRlIjoxODAwMDAwMDAwMDAwLCJkZWxldGUiOjE4MDAwMDAwMDAwMDAsInJlYWQiOjMwMDAwMDAwMDAwMCwidXBkYXRlIjoxODAwMDAwMDAwMDAwfX0=",
          "dependencies": [
            "module.ResourceGroup.azurerm_resource_group.apprg",
            "module.VirtualNetwork.azurerm_virtual_network.vnet"
          ]
        },
        {
          "index_key": 1,
          "schema_version": 0,
          "attributes": {
            "address_prefixes": [
              "10.0.1.0/24"
            ],
            "default_outbound_access_enabled": true,
            "delegation": [],
            "id": "/subscriptions/9c9354de-cfe5-4c27-9c40-e6faadf58ed2/resourceGroups/Ajit-Test-Test-RG/providers/Microsoft.Network/virtualNetworks/Ajit-Test-Vnet/subnets/Subnet-Test2",
            "name": "Subnet-Test2",
            "private_endpoint_network_policies": "Disabled",
            "private_link_service_network_policies_enabled": true,
            "resource_group_name": "Ajit-Test-Test-RG",
            "service_endpoint_policy_ids": [],
            "service_endpoints": [],
            "timeouts": null,
            "virtual_network_name": "Ajit-Test-Vnet"
          },
          "sensitive_attributes": [],
          "private": "eyJlMmJmYjczMC1lY2FhLTExZTYtOGY4OC0zNDM2M2JjN2M0YzAiOnsiY3JlYXRlIjoxODAwMDAwMDAwMDAwLCJkZWxldGUiOjE4MDAwMDAwMDAwMDAsInJlYWQiOjMwMDAwMDAwMDAwMCwidXBkYXRlIjoxODAwMDAwMDAwMDAwfX0=",
          "dependencies": [
            "module.ResourceGroup.azurerm_resource_group.apprg",
            "module.VirtualNetwork.azurerm_virtual_network.vnet"
          ]
        }
      ]
    },
    {
      "module": "module.VirtualNetwork",
      "mode": "managed",
      "type": "azurerm_virtual_network",
      "name": "vnet",
      "provider": "provider[\"registry.terraform.io/hashicorp/azurerm\"]",
      "instances": [
        {
          "schema_version": 0,
          "attributes": {
            "address_space": [
              "10.0.0.0/16"
            ],
            "bgp_community": "",
            "ddos_protection_plan": [],
            "dns_servers": [],
            "edge_zone": "",
            "encryption": [],
            "flow_timeout_in_minutes": 0,
            "guid": "a91436b7-53c4-47c2-a3c9-9fe72c091f8c",
            "id": "/subscriptions/9c9354de-cfe5-4c27-9c40-e6faadf58ed2/resourceGroups/Ajit-Test-Test-RG/providers/Microsoft.Network/virtualNetworks/Ajit-Test-Vnet",
            "location": "northeurope",
            "name": "Ajit-Test-Vnet",
            "private_endpoint_vnet_policies": "Disabled",
            "resource_group_name": "Ajit-Test-Test-RG",
            "subnet": [
              {
                "address_prefixes": [
                  "10.0.0.0/24"
                ],
                "default_outbound_access_enabled": true,
                "delegation": [],
                "id": "/subscriptions/9c9354de-cfe5-4c27-9c40-e6faadf58ed2/resourceGroups/Ajit-Test-Test-RG/providers/Microsoft.Network/virtualNetworks/Ajit-Test-Vnet/subnets/Subnet-Test1",
                "name": "Subnet-Test1",
                "private_endpoint_network_policies": "Disabled",
                "private_link_service_network_policies_enabled": true,
                "route_table_id": "",
                "security_group": "/subscriptions/9c9354de-cfe5-4c27-9c40-e6faadf58ed2/resourceGroups/Ajit-Test-Test-RG/providers/Microsoft.Network/networkSecurityGroups/Ajit-NSG-Test",
                "service_endpoint_policy_ids": [],
                "service_endpoints": []
              },
              {
                "address_prefixes": [
                  "10.0.1.0/24"
                ],
                "default_outbound_access_enabled": true,
                "delegation": [],
                "id": "/subscriptions/9c9354de-cfe5-4c27-9c40-e6faadf58ed2/resourceGroups/Ajit-Test-Test-RG/providers/Microsoft.Network/virtualNetworks/Ajit-Test-Vnet/subnets/Subnet-Test2",
                "name": "Subnet-Test2",
                "private_endpoint_network_policies": "Disabled",
                "private_link_service_network_policies_enabled": true,
                "route_table_id": "",
                "security_group": "/subscriptions/9c9354de-cfe5-4c27-9c40-e6faadf58ed2/resourceGroups/Ajit-Test-Test-RG/providers/Microsoft.Network/networkSecurityGroups/Ajit-NSG-Test",
                "service_endpoint_policy_ids": [],
                "service_endpoints": []
              }
            ],
            "tags": {},
            "timeouts": null
          },
          "sensitive_attributes": [],
          "private": "eyJlMmJmYjczMC1lY2FhLTExZTYtOGY4OC0zNDM2M2JjN2M0YzAiOnsiY3JlYXRlIjoxODAwMDAwMDAwMDAwLCJkZWxldGUiOjE4MDAwMDAwMDAwMDAsInJlYWQiOjMwMDAwMDAwMDAwMCwidXBkYXRlIjoxODAwMDAwMDAwMDAwfX0=",
          "dependencies": [
            "module.ResourceGroup.azurerm_resource_group.apprg"
          ]
        }
      ]
    }
  ],
  "check_results": null
}
